
Microsoft Visual Studio Solution File, Format Version 12.00
Project("{FAE04EC0-301F-11D3-BF4B-00C04F79EFBC}") = "BoltComponent.Api", "BoltComponent.Api\BoltComponent.Api.csproj", "{9527D1A9-797C-4C3F-A71D-589AA246AB99}"
EndProject
Project("{FAE04EC0-301F-11D3-BF4B-00C04F79EFBC}") = "BoltComponent.Domain", "BoltComponent.Domain\BoltComponent.Domain.csproj", "{A94AAA13-9729-4876-BFDD-A52A62F3F9E6}"
EndProject
Project("{FAE04EC0-301F-11D3-BF4B-00C04F79EFBC}") = "BoltComponent.Infra", "BoltComponent.Infra\BoltComponent.Infra.csproj", "{7243058A-0046-440D-ABE6-173256D117B7}"
EndProject
Global
	GlobalSection(SolutionConfigurationPlatforms) = preSolution
		Debug|Any CPU = Debug|Any CPU
		Release|Any CPU = Release|Any CPU
	EndGlobalSection
	GlobalSection(ProjectConfigurationPlatforms) = postSolution
		{9527D1A9-797C-4C3F-A71D-589AA246AB99}.Debug|Any CPU.ActiveCfg = Debug|Any CPU
		{9527D1A9-797C-4C3F-A71D-589AA246AB99}.Debug|Any CPU.Build.0 = Debug|Any CPU
		{9527D1A9-797C-4C3F-A71D-589AA246AB99}.Release|Any CPU.ActiveCfg = Release|Any CPU
		{9527D1A9-797C-4C3F-A71D-589AA246AB99}.Release|Any CPU.Build.0 = Release|Any CPU
		{A94AAA13-9729-4876-BFDD-A52A62F3F9E6}.Debug|Any CPU.ActiveCfg = Debug|Any CPU
		{A94AAA13-9729-4876-BFDD-A52A62F3F9E6}.Debug|Any CPU.Build.0 = Debug|Any CPU
		{A94AAA13-9729-4876-BFDD-A52A62F3F9E6}.Release|Any CPU.ActiveCfg = Release|Any CPU
		{A94AAA13-9729-4876-BFDD-A52A62F3F9E6}.Release|Any CPU.Build.0 = Release|Any CPU
		{7243058A-0046-440D-ABE6-173256D117B7}.Debug|Any CPU.ActiveCfg = Debug|Any CPU
		{7243058A-0046-440D-ABE6-173256D117B7}.Debug|Any CPU.Build.0 = Debug|Any CPU
		{7243058A-0046-440D-ABE6-173256D117B7}.Release|Any CPU.ActiveCfg = Release|Any CPU
		{7243058A-0046-440D-ABE6-173256D117B7}.Release|Any CPU.Build.0 = Release|Any CPU
	EndGlobalSection
EndGlobal
